
Microsoft Visual Studio Solution File, Format Version 12.00
# Visual Studio 15
VisualStudioVersion = 15.0.28307.421
MinimumVisualStudioVersion = 10.0.40219.1
Project("{8BC9CEB8-8B4A-11D0-8D11-00A0C91BC942}") = "homework_1_files", "homework_1_files\homework_1_files.vcxproj", "{07780B24-9356-4209-8F1F-1CC53273F2DB}"
EndProject
Global
	GlobalSection(SolutionConfigurationPlatforms) = preSolution
		Debug|x64 = Debug|x64
		Debug|x86 = Debug|x86
		Release|x64 = Release|x64
		Release|x86 = Release|x86
	EndGlobalSection
	GlobalSection(ProjectConfigurationPlatforms) = postSolution
		{07780B24-9356-4209-8F1F-1CC53273F2DB}.Debug|x64.ActiveCfg = Debug|x64
		{07780B24-9356-4209-8F1F-1CC53273F2DB}.Debug|x64.Build.0 = Debug|x64
		{07780B24-9356-4209-8F1F-1CC53273F2DB}.Debug|x86.ActiveCfg = Debug|Win32
		{07780B24-9356-4209-8F1F-1CC53273F2DB}.Debug|x86.Build.0 = Debug|Win32
		{07780B24-9356-4209-8F1F-1CC53273F2DB}.Release|x64.ActiveCfg = Release|x64
		{07780B24-9356-4209-8F1F-1CC53273F2DB}.Release|x64.Build.0 = Release|x64
		{07780B24-9356-4209-8F1F-1CC53273F2DB}.Release|x86.ActiveCfg = Release|Win32
		{07780B24-9356-4209-8F1F-1CC53273F2DB}.Release|x86.Build.0 = Release|Win32
	EndGlobalSection
	GlobalSection(SolutionProperties) = preSolution
		HideSolutionNode = FALSE
	EndGlobalSection
	GlobalSection(ExtensibilityGlobals) = postSolution
		SolutionGuid = {DF61D2E1-B6C0-4CEB-BE60-28B61EAFF545}
	EndGlobalSection
EndGlobal
