
Microsoft Visual Studio Solution File, Format Version 12.00
# Visual Studio 15
VisualStudioVersion = 15.0.28307.421
MinimumVisualStudioVersion = 10.0.40219.1
Project("{8BC9CEB8-8B4A-11D0-8D11-00A0C91BC942}") = "Classwork_2", "Classwork_2\Classwork_2.vcxproj", "{D8629E87-F2A9-4F2A-B76C-A1F61A9BE07C}"
EndProject
Global
	GlobalSection(SolutionConfigurationPlatforms) = preSolution
		Debug|x64 = Debug|x64
		Debug|x86 = Debug|x86
		Release|x64 = Release|x64
		Release|x86 = Release|x86
	EndGlobalSection
	GlobalSection(ProjectConfigurationPlatforms) = postSolution
		{D8629E87-F2A9-4F2A-B76C-A1F61A9BE07C}.Debug|x64.ActiveCfg = Debug|x64
		{D8629E87-F2A9-4F2A-B76C-A1F61A9BE07C}.Debug|x64.Build.0 = Debug|x64
		{D8629E87-F2A9-4F2A-B76C-A1F61A9BE07C}.Debug|x86.ActiveCfg = Debug|Win32
		{D8629E87-F2A9-4F2A-B76C-A1F61A9BE07C}.Debug|x86.Build.0 = Debug|Win32
		{D8629E87-F2A9-4F2A-B76C-A1F61A9BE07C}.Release|x64.ActiveCfg = Release|x64
		{D8629E87-F2A9-4F2A-B76C-A1F61A9BE07C}.Release|x64.Build.0 = Release|x64
		{D8629E87-F2A9-4F2A-B76C-A1F61A9BE07C}.Release|x86.ActiveCfg = Release|Win32
		{D8629E87-F2A9-4F2A-B76C-A1F61A9BE07C}.Release|x86.Build.0 = Release|Win32
	EndGlobalSection
	GlobalSection(SolutionProperties) = preSolution
		HideSolutionNode = FALSE
	EndGlobalSection
	GlobalSection(ExtensibilityGlobals) = postSolution
		SolutionGuid = {BE18971E-98BA-4493-9084-FDFC2491A2D7}
	EndGlobalSection
EndGlobal
